{
  "name": "Generare-video-",
  "lockfileVersion": 3,
  "requires": true,
  "packages": {
    "": {
      "dependencies": {
        "@helios-project/core": "^5.13.1",
        "@helios-project/player": "^0.76.8"
      }
    },
    "node_modules/@helios-project/core": {
      "version": "5.13.1",
      "resolved": "https://registry.npmjs.org/@helios-project/core/-/core-5.13.1.tgz",
      "integrity": "sha512-FCIMCy/4wAiW6ER8S/ZTdiDAebexE1P5oBOf/4aH5RFDsBaoeHPBM41Xz4WqEfQxlE7rBpDOPf2TDr54e5rAQA==",
      "license": "ELv2"
    },
    "node_modules/@helios-project/player": {
      "version": "0.76.8",
      "resolved": "https://registry.npmjs.org/@helios-project/player/-/player-0.76.8.tgz",
      "integrity": "sha512-AMZV6cio9w+2FLF5mUT5H64idZ0ykhJ044ksyVuW6my7WMjD1xSyfayUQMShXDFtHOhLFgAEXzJfpm/x1LV0DA==",
      "license": "ELv2",
      "dependencies": {
        "@helios-project/core": "^5.13.0",
        "mediabunny": "^1.32.2"
      }
    },
    "node_modules/@types/dom-mediacapture-transform": {
      "version": "0.1.11",
      "resolved": "https://registry.npmjs.org/@types/dom-mediacapture-transform/-/dom-mediacapture-transform-0.1.11.tgz",
      "integrity": "sha512-Y2p+nGf1bF2XMttBnsVPHUWzRRZzqUoJAKmiP10b5umnO6DDrWI0BrGDJy1pOHoOULVmGSfFNkQrAlC5dcj6nQ==",
      "license": "MIT",
      "dependencies": {
        "@types/dom-webcodecs": "*"
      }
    },
    "node_modules/@types/dom-webcodecs": {
      "version": "0.1.13",
      "resolved": "https://registry.npmjs.org/@types/dom-webcodecs/-/dom-webcodecs-0.1.13.tgz",
      "integrity": "sha512-O5hkiFIcjjszPIYyUSyvScyvrBoV3NOEEZx/pMlsu44TKzWNkLVBBxnxJz42in5n3QIolYOcBYFCPZZ0h8SkwQ==",
      "license": "MIT"
    },
    "node_modules/mediabunny": {
      "version": "1.39.1",
      "resolved": "https://registry.npmjs.org/mediabunny/-/mediabunny-1.39.1.tgz",
      "integrity": "sha512-gaQKDWtfLhgSN9tRj37lgznHf9MOvey7sbT6GdQA7mWl1kaE5R+P1lfl9CDsgtzongx12IG9X/y2vgZmTHzGDg==",
      "license": "MPL-2.0",
      "workspaces": [
        "packages/*"
      ],
      "dependencies": {
        "@types/dom-mediacapture-transform": "^0.1.11",
        "@types/dom-webcodecs": "0.1.13"
      },
      "funding": {
        "type": "individual",
        "url": "https://github.com/sponsors/Vanilagy"
      }
    }
  }
}
